
Microsoft Visual Studio Solution File, Format Version 12.00
# Visual Studio 2013
VisualStudioVersion = 12.0.30501.0
MinimumVisualStudioVersion = 10.0.40219.1
Project("{FAE04EC0-301F-11D3-BF4B-00C04F79EFBC}") = "RankArray", "RankArray\RankArray.csproj", "{48F2225D-77A5-41F1-9296-F59745D008DB}"
EndProject
Global
	GlobalSection(SolutionConfigurationPlatforms) = preSolution
		Debug|Any CPU = Debug|Any CPU
		Release|Any CPU = Release|Any CPU
	EndGlobalSection
	GlobalSection(ProjectConfigurationPlatforms) = postSolution
		{48F2225D-77A5-41F1-9296-F59745D008DB}.Debug|Any CPU.ActiveCfg = Debug|Any CPU
		{48F2225D-77A5-41F1-9296-F59745D008DB}.Debug|Any CPU.Build.0 = Debug|Any CPU
		{48F2225D-77A5-41F1-9296-F59745D008DB}.Release|Any CPU.ActiveCfg = Release|Any CPU
		{48F2225D-77A5-41F1-9296-F59745D008DB}.Release|Any CPU.Build.0 = Release|Any CPU
	EndGlobalSection
	GlobalSection(SolutionProperties) = preSolution
		HideSolutionNode = FALSE
	EndGlobalSection
EndGlobal
